// !$*UTF8*$!
{
	archiveVersion = 1;
	classes = {
	};
	objectVersion = 56;
	objects = {

/* Begin PBXBuildFile section */
		8A7864182AD4D1B900A8CB10 /* TriangleViewModel.swift in Sources */ = {isa = PBXBuildFile; fileRef = 8A7864172AD4D1B900A8CB10 /* TriangleViewModel.swift */; };
		8A78641B2AD4D2C200A8CB10 /* ShapeAreas in Frameworks */ = {isa = PBXBuildFile; productRef = 8A78641A2AD4D2C200A8CB10 /* ShapeAreas */; };
		8A78641D2AD4D31A00A8CB10 /* Triangle.swift in Sources */ = {isa = PBXBuildFile; fileRef = 8A78641C2AD4D31A00A8CB10 /* Triangle.swift */; };
		8AAFA3862AD49666001BA765 /* TriangleAreaApp.swift in Sources */ = {isa = PBXBuildFile; fileRef = 8AAFA3852AD49666001BA765 /* TriangleAreaApp.swift */; };
		8AAFA3882AD49666001BA765 /* TriangleView.swift in Sources */ = {isa = PBXBuildFile; fileRef = 8AAFA3872AD49666001BA765 /* TriangleView.swift */; };
		8AAFA38A2AD49667001BA765 /* Assets.xcassets in Resources */ = {isa = PBXBuildFile; fileRef = 8AAFA3892AD49667001BA765 /* Assets.xcassets */; };
		8AAFA38D2AD49667001BA765 /* Preview Assets.xcassets in Resources */ = {isa = PBXBuildFile; fileRef = 8AAFA38C2AD49667001BA765 /* Preview Assets.xcassets */; };
/* End PBXBuildFile section */

/* Begin PBXFileReference section */
		8A7864172AD4D1B900A8CB10 /* TriangleViewModel.swift */ = {isa = PBXFileReference; lastKnownFileType = sourcecode.swift; path = TriangleViewModel.swift; sourceTree = "<group>"; };
		8A78641C2AD4D31A00A8CB10 /* Triangle.swift */ = {isa = PBXFileReference; lastKnownFileType = sourcecode.swift; path = Triangle.swift; sourceTree = "<group>"; };
		8AAFA3822AD49666001BA765 /* TriangleArea.app */ = {isa = PBXFileReference; explicitFileType = wrapper.application; includeInIndex = 0; path = TriangleArea.app; sourceTree = BUILT_PRODUCTS_DIR; };
		8AAFA3852AD49666001BA765 /* TriangleAreaApp.swift */ = {isa = PBXFileReference; lastKnownFileType = sourcecode.swift; path = TriangleAreaApp.swift; sourceTree = "<group>"; };
		8AAFA3872AD49666001BA765 /* TriangleView.swift */ = {isa = PBXFileReference; lastKnownFileType = sourcecode.swift; path = TriangleView.swift; sourceTree = "<group>"; };
		8AAFA3892AD49667001BA765 /* Assets.xcassets */ = {isa = PBXFileReference; lastKnownFileType = folder.assetcatalog; path = Assets.xcassets; sourceTree = "<group>"; };
		8AAFA38C2AD49667001BA765 /* Preview Assets.xcassets */ = {isa = PBXFileReference; lastKnownFileType = folder.assetcatalog; path = "Preview Assets.xcassets"; sourceTree = "<group>"; };
/* End PBXFileReference section */

/* Begin PBXFrameworksBuildPhase section */
		8AAFA37F2AD49666001BA765 /* Frameworks */ = {
			isa = PBXFrameworksBuildPhase;
			buildActionMask = 2147483647;
			files = (
				8A78641B2AD4D2C200A8CB10 /* ShapeAreas in Frameworks */,
			);
			runOnlyForDeploymentPostprocessing = 0;
		};
/* End PBXFrameworksBuildPhase section */

/* Begin PBXGroup section */
		8A7864192AD4D2C200A8CB10 /* Frameworks */ = {
			isa = PBXGroup;
			children = (
			);
			name = Frameworks;
			sourceTree = "<group>";
		};
		8AAFA3792AD49666001BA765 = {
			isa = PBXGroup;
			children = (
				8AAFA3842AD49666001BA765 /* TriangleArea */,
				8AAFA3832AD49666001BA765 /* Products */,
				8A7864192AD4D2C200A8CB10 /* Frameworks */,
			);
			sourceTree = "<group>";
		};
		8AAFA3832AD49666001BA765 /* Products */ = {
			isa = PBXGroup;
			children = (
				8AAFA3822AD49666001BA765 /* TriangleArea.app */,
			);
			name = Products;
			sourceTree = "<group>";
		};
		8AAFA3842AD49666001BA765 /* TriangleArea */ = {
			isa = PBXGroup;
			children = (
				8AAFA3852AD49666001BA765 /* TriangleAreaApp.swift */,
				8AAFA3872AD49666001BA765 /* TriangleView.swift */,
				8A7864172AD4D1B900A8CB10 /* TriangleViewModel.swift */,
				8A78641C2AD4D31A00A8CB10 /* Triangle.swift */,
				8AAFA3892AD49667001BA765 /* Assets.xcassets */,
				8AAFA38B2AD49667001BA765 /* Preview Content */,
			);
			path = TriangleArea;
			sourceTree = "<group>";
		};
		8AAFA38B2AD49667001BA765 /* Preview Content */ = {
			isa = PBXGroup;
			children = (
				8AAFA38C2AD49667001BA765 /* Preview Assets.xcassets */,
			);
			path = "Preview Content";
			sourceTree = "<group>";
		};
/* End PBXGroup section */

/* Begin PBXNativeTarget section */
		8AAFA3812AD49666001BA765 /* TriangleArea */ = {
			isa = PBXNativeTarget;
			buildConfigurationList = 8AAFA3902AD49667001BA765 /* Build configuration list for PBXNativeTarget "TriangleArea" */;
			buildPhases = (
				8AAFA37E2AD49666001BA765 /* Sources */,
				8AAFA37F2AD49666001BA765 /* Frameworks */,
				8AAFA3802AD49666001BA765 /* Resources */,
			);
			buildRules = (
			);
			dependencies = (
			);
			name = TriangleArea;
			packageProductDependencies = (
				8A78641A2AD4D2C200A8CB10 /* ShapeAreas */,
			);
			productName = TriangleArea;
			productReference = 8AAFA3822AD49666001BA765 /* TriangleArea.app */;
			productType = "com.apple.product-type.application";
		};
/* End PBXNativeTarget section */

/* Begin PBXProject section */
		8AAFA37A2AD49666001BA765 /* Project object */ = {
			isa = PBXProject;
			attributes = {
				BuildIndependentTargetsInParallel = 1;
				LastSwiftUpdateCheck = 1500;
				LastUpgradeCheck = 1500;
				TargetAttributes = {
					8AAFA3812AD49666001BA765 = {
						CreatedOnToolsVersion = 15.0;
					};
				};
			};
			buildConfigurationList = 8AAFA37D2AD49666001BA765 /* Build configuration list for PBXProject "TriangleArea" */;
			compatibilityVersion = "Xcode 14.0";
			developmentRegion = en;
			hasScannedForEncodings = 0;
			knownRegions = (
				en,
				Base,
			);
			mainGroup = 8AAFA3792AD49666001BA765;
			packageReferences = (
				8A7864162AD4B48F00A8CB10 /* XCRemoteSwiftPackageReference "PrivateShapeAreas" */,
			);
			productRefGroup = 8AAFA3832AD49666001BA765 /* Products */;
			projectDirPath = "";
			projectRoot = "";
			targets = (
				8AAFA3812AD49666001BA765 /* TriangleArea */,
			);
		};
/* End PBXProject section */

/* Begin PBXResourcesBuildPhase section */
		8AAFA3802AD49666001BA765 /* Resources */ = {
			isa = PBXResourcesBuildPhase;
			buildActionMask = 2147483647;
			files = (
				8AAFA38D2AD49667001BA765 /* Preview Assets.xcassets in Resources */,
				8AAFA38A2AD49667001BA765 /* Assets.xcassets in Resources */,
			);
			runOnlyForDeploymentPostprocessing = 0;
		};
/* End PBXResourcesBuildPhase section */

/* Begin PBXSourcesBuildPhase section */
		8AAFA37E2AD49666001BA765 /* Sources */ = {
			isa = PBXSourcesBuildPhase;
			buildActionMask = 2147483647;
			files = (
				8AAFA3882AD49666001BA765 /* TriangleView.swift in Sources */,
				8A7864182AD4D1B900A8CB10 /* TriangleViewModel.swift in Sources */,
				8AAFA3862AD49666001BA765 /* TriangleAreaApp.swift in Sources */,
				8A78641D2AD4D31A00A8CB10 /* Triangle.swift in Sources */,
			);
			runOnlyForDeploymentPostprocessing = 0;
		};
/* End PBXSourcesBuildPhase section */

/* Begin XCBuildConfiguration section */
		8AAFA38E2AD49667001BA765 /* Debug */ = {
			isa = XCBuildConfiguration;
			buildSettings = {
				ALWAYS_SEARCH_USER_PATHS = NO;
				ASSETCATALOG_COMPILER_GENERATE_SWIFT_ASSET_SYMBOL_EXTENSIONS = YES;
				CLANG_ANALYZER_NONNULL = YES;
				CLANG_ANALYZER_NUMBER_OBJECT_CONVERSION = YES_AGGRESSIVE;
				CLANG_CXX_LANGUAGE_STANDARD = "gnu++20";
				CLANG_ENABLE_MODULES = YES;
				CLANG_ENABLE_OBJC_ARC = YES;
				CLANG_ENABLE_OBJC_WEAK = YES;
				CLANG_WARN_BLOCK_CAPTURE_AUTORELEASING = YES;
				CLANG_WARN_BOOL_CONVERSION = YES;
				CLANG_WARN_COMMA = YES;
				CLANG_WARN_CONSTANT_CONVERSION = YES;
				CLANG_WARN_DEPRECATED_OBJC_IMPLEMENTATIONS = YES;
				CLANG_WARN_DIRECT_OBJC_ISA_USAGE = YES_ERROR;
				CLANG_WARN_DOCUMENTATION_COMMENTS = YES;
				CLANG_WARN_EMPTY_BODY = YES;
				CLANG_WARN_ENUM_CONVERSION = YES;
				CLANG_WARN_INFINITE_RECURSION = YES;
				CLANG_WARN_INT_CONVERSION = YES;
				CLANG_WARN_NON_LITERAL_NULL_CONVERSION = YES;
				CLANG_WARN_OBJC_IMPLICIT_RETAIN_SELF = YES;
				CLANG_WARN_OBJC_LITERAL_CONVERSION = YES;
				CLANG_WARN_OBJC_ROOT_CLASS = YES_ERROR;
				CLANG_WARN_QUOTED_INCLUDE_IN_FRAMEWORK_HEADER = YES;
				CLANG_WARN_RANGE_LOOP_ANALYSIS = YES;
				CLANG_WARN_STRICT_PROTOTYPES = YES;
				CLANG_WARN_SUSPICIOUS_MOVE = YES;
				CLANG_WARN_UNGUARDED_AVAILABILITY = YES_AGGRESSIVE;
				CLANG_WARN_UNREACHABLE_CODE = YES;
				CLANG_WARN__DUPLICATE_METHOD_MATCH = YES;
				COPY_PHASE_STRIP = NO;
				DEBUG_INFORMATION_FORMAT = dwarf;
				ENABLE_STRICT_OBJC_MSGSEND = YES;
				ENABLE_TESTABILITY = YES;
				ENABLE_USER_SCRIPT_SANDBOXING = YES;
				GCC_C_LANGUAGE_STANDARD = gnu17;
				GCC_DYNAMIC_NO_PIC = NO;
				GCC_NO_COMMON_BLOCKS = YES;
				GCC_OPTIMIZATION_LEVEL = 0;
				GCC_PREPROCESSOR_DEFINITIONS = (
					"DEBUG=1",
					"$(inherited)",
				);
				GCC_WARN_64_TO_32_BIT_CONVERSION = YES;
				GCC_WARN_ABOUT_RETURN_TYPE = YES_ERROR;
				GCC_WARN_UNDECLARED_SELECTOR = YES;
				GCC_WARN_UNINITIALIZED_AUTOS = YES_AGGRESSIVE;
				GCC_WARN_UNUSED_FUNCTION = YES;
				GCC_WARN_UNUSED_VARIABLE = YES;
				IPHONEOS_DEPLOYMENT_TARGET = 17.0;
				LOCALIZATION_PREFERS_STRING_CATALOGS = YES;
				MTL_ENABLE_DEBUG_INFO = INCLUDE_SOURCE;
				MTL_FAST_MATH = YES;
				ONLY_ACTIVE_ARCH = YES;
				SDKROOT = iphoneos;
				SWIFT_ACTIVE_COMPILATION_CONDITIONS = "DEBUG $(inherited)";
				SWIFT_OPTIMIZATION_LEVEL = "-Onone";
			};
			name = Debug;
		};
		8AAFA38F2AD49667001BA765 /* Release */ = {
			isa = XCBuildConfiguration;
			buildSettings = {
				ALWAYS_SEARCH_USER_PATHS = NO;
				ASSETCATALOG_COMPILER_GENERATE_SWIFT_ASSET_SYMBOL_EXTENSIONS = YES;
				CLANG_ANALYZER_NONNULL = YES;
				CLANG_ANALYZER_NUMBER_OBJECT_CONVERSION = YES_AGGRESSIVE;
				CLANG_CXX_LANGUAGE_STANDARD = "gnu++20";
				CLANG_ENABLE_MODULES = YES;
				CLANG_ENABLE_OBJC_ARC = YES;
				CLANG_ENABLE_OBJC_WEAK = YES;
				CLANG_WARN_BLOCK_CAPTURE_AUTORELEASING = YES;
				CLANG_WARN_BOOL_CONVERSION = YES;
				CLANG_WARN_COMMA = YES;
				CLANG_WARN_CONSTANT_CONVERSION = YES;
				CLANG_WARN_DEPRECATED_OBJC_IMPLEMENTATIONS = YES;
				CLANG_WARN_DIRECT_OBJC_ISA_USAGE = YES_ERROR;
				CLANG_WARN_DOCUMENTATION_COMMENTS = YES;
				CLANG_WARN_EMPTY_BODY = YES;
				CLANG_WARN_ENUM_CONVERSION = YES;
				CLANG_WARN_INFINITE_RECURSION = YES;
				CLANG_WARN_INT_CONVERSION = YES;
				CLANG_WARN_NON_LITERAL_NULL_CONVERSION = YES;
				CLANG_WARN_OBJC_IMPLICIT_RETAIN_SELF = YES;
				CLANG_WARN_OBJC_LITERAL_CONVERSION = YES;
				CLANG_WARN_OBJC_ROOT_CLASS = YES_ERROR;
				CLANG_WARN_QUOTED_INCLUDE_IN_FRAMEWORK_HEADER = YES;
				CLANG_WARN_RANGE_LOOP_ANALYSIS = YES;
				CLANG_WARN_STRICT_PROTOTYPES = YES;
				CLANG_WARN_SUSPICIOUS_MOVE = YES;
				CLANG_WARN_UNGUARDED_AVAILABILITY = YES_AGGRESSIVE;
				CLANG_WARN_UNREACHABLE_CODE = YES;
				CLANG_WARN__DUPLICATE_METHOD_MATCH = YES;
				COPY_PHASE_STRIP = NO;
				DEBUG_INFORMATION_FORMAT = "dwarf-with-dsym";
				ENABLE_NS_ASSERTIONS = NO;
				ENABLE_STRICT_OBJC_MSGSEND = YES;
				ENABLE_USER_SCRIPT_SANDBOXING = YES;
				GCC_C_LANGUAGE_STANDARD = gnu17;
				GCC_NO_COMMON_BLOCKS = YES;
				GCC_WARN_64_TO_32_BIT_CONVERSION = YES;
				GCC_WARN_ABOUT_RETURN_TYPE = YES_ERROR;
				GCC_WARN_UNDECLARED_SELECTOR = YES;
				GCC_WARN_UNINITIALIZED_AUTOS = YES_AGGRESSIVE;
				GCC_WARN_UNUSED_FUNCTION = YES;
				GCC_WARN_UNUSED_VARIABLE = YES;
				IPHONEOS_DEPLOYMENT_TARGET = 17.0;
				LOCALIZATION_PREFERS_STRING_CATALOGS = YES;
				MTL_ENABLE_DEBUG_INFO = NO;
				MTL_FAST_MATH = YES;
				SDKROOT = iphoneos;
				SWIFT_COMPILATION_MODE = wholemodule;
				VALIDATE_PRODUCT = YES;
			};
			name = Release;
		};
		8AAFA3912AD49667001BA765 /* Debug */ = {
			isa = XCBuildConfiguration;
			buildSettings = {
				ASSETCATALOG_COMPILER_APPICON_NAME = AppIcon;
				ASSETCATALOG_COMPILER_GLOBAL_ACCENT_COLOR_NAME = AccentColor;
				CODE_SIGN_STYLE = Automatic;
				CURRENT_PROJECT_VERSION = 1;
				DEVELOPMENT_ASSET_PATHS = "\"TriangleArea/Preview Content\"";
				DEVELOPMENT_TEAM = RRULW6ZM98;
				ENABLE_PREVIEWS = YES;
				GENERATE_INFOPLIST_FILE = YES;
				INFOPLIST_KEY_UIApplicationSceneManifest_Generation = YES;
				INFOPLIST_KEY_UIApplicationSupportsIndirectInputEvents = YES;
				INFOPLIST_KEY_UILaunchScreen_Generation = YES;
				INFOPLIST_KEY_UISupportedInterfaceOrientations_iPad = "UIInterfaceOrientationPortrait UIInterfaceOrientationPortraitUpsideDown UIInterfaceOrientationLandscapeLeft UIInterfaceOrientationLandscapeRight";
				INFOPLIST_KEY_UISupportedInterfaceOrientations_iPhone = "UIInterfaceOrientationPortrait UIInterfaceOrientationLandscapeLeft UIInterfaceOrientationLandscapeRight";
				LD_RUNPATH_SEARCH_PATHS = (
					"$(inherited)",
					"@executable_path/Frameworks",
				);
				MARKETING_VERSION = 1.0;
				PRODUCT_BUNDLE_IDENTIFIER = mx.kodemia.TriangleArea;
				PRODUCT_NAME = "$(TARGET_NAME)";
				SWIFT_EMIT_LOC_STRINGS = YES;
				SWIFT_VERSION = 5.0;
				TARGETED_DEVICE_FAMILY = "1,2";
			};
			name = Debug;
		};
		8AAFA3922AD49667001BA765 /* Release */ = {
			isa = XCBuildConfiguration;
			buildSettings = {
				ASSETCATALOG_COMPILER_APPICON_NAME = AppIcon;
				ASSETCATALOG_COMPILER_GLOBAL_ACCENT_COLOR_NAME = AccentColor;
				CODE_SIGN_STYLE = Automatic;
				CURRENT_PROJECT_VERSION = 1;
				DEVELOPMENT_ASSET_PATHS = "\"TriangleArea/Preview Content\"";
				DEVELOPMENT_TEAM = RRULW6ZM98;
				ENABLE_PREVIEWS = YES;
				GENERATE_INFOPLIST_FILE = YES;
				INFOPLIST_KEY_UIApplicationSceneManifest_Generation = YES;
				INFOPLIST_KEY_UIApplicationSupportsIndirectInputEvents = YES;
				INFOPLIST_KEY_UILaunchScreen_Generation = YES;
				INFOPLIST_KEY_UISupportedInterfaceOrientations_iPad = "UIInterfaceOrientationPortrait UIInterfaceOrientationPortraitUpsideDown UIInterfaceOrientationLandscapeLeft UIInterfaceOrientationLandscapeRight";
				INFOPLIST_KEY_UISupportedInterfaceOrientations_iPhone = "UIInterfaceOrientationPortrait UIInterfaceOrientationLandscapeLeft UIInterfaceOrientationLandscapeRight";
				LD_RUNPATH_SEARCH_PATHS = (
					"$(inherited)",
					"@executable_path/Frameworks",
				);
				MARKETING_VERSION = 1.0;
				PRODUCT_BUNDLE_IDENTIFIER = mx.kodemia.TriangleArea;
				PRODUCT_NAME = "$(TARGET_NAME)";
				SWIFT_EMIT_LOC_STRINGS = YES;
				SWIFT_VERSION = 5.0;
				TARGETED_DEVICE_FAMILY = "1,2";
			};
			name = Release;
		};
/* End XCBuildConfiguration section */

/* Begin XCConfigurationList section */
		8AAFA37D2AD49666001BA765 /* Build configuration list for PBXProject "TriangleArea" */ = {
			isa = XCConfigurationList;
			buildConfigurations = (
				8AAFA38E2AD49667001BA765 /* Debug */,
				8AAFA38F2AD49667001BA765 /* Release */,
			);
			defaultConfigurationIsVisible = 0;
			defaultConfigurationName = Release;
		};
		8AAFA3902AD49667001BA765 /* Build configuration list for PBXNativeTarget "TriangleArea" */ = {
			isa = XCConfigurationList;
			buildConfigurations = (
				8AAFA3912AD49667001BA765 /* Debug */,
				8AAFA3922AD49667001BA765 /* Release */,
			);
			defaultConfigurationIsVisible = 0;
			defaultConfigurationName = Release;
		};
/* End XCConfigurationList section */

/* Begin XCRemoteSwiftPackageReference section */
		8A7864162AD4B48F00A8CB10 /* XCRemoteSwiftPackageReference "PrivateShapeAreas" */ = {
			isa = XCRemoteSwiftPackageReference;
			repositoryURL = "https://github.com/DanyDeSan/PrivateShapeAreas";
			requirement = {
				kind = upToNextMajorVersion;
				minimumVersion = 1.0.1;
			};
		};
/* End XCRemoteSwiftPackageReference section */

/* Begin XCSwiftPackageProductDependency section */
		8A78641A2AD4D2C200A8CB10 /* ShapeAreas */ = {
			isa = XCSwiftPackageProductDependency;
			package = 8A7864162AD4B48F00A8CB10 /* XCRemoteSwiftPackageReference "PrivateShapeAreas" */;
			productName = ShapeAreas;
		};
/* End XCSwiftPackageProductDependency section */
	};
	rootObject = 8AAFA37A2AD49666001BA765 /* Project object */;
}
