PODS:
  - ShapeAreas (1.0.1)

DEPENDENCIES:
  - ShapeAreas (from `https://github.com/DanyDeSan/PrivateShapeAreas.git`)

EXTERNAL SOURCES:
  ShapeAreas:
    :git: https://github.com/DanyDeSan/PrivateShapeAreas.git

CHECKOUT OPTIONS:
  ShapeAreas:
    :commit: ba6cb01ce7b71377617fb2744ea3e651b0ed330b
    :git: https://github.com/DanyDeSan/PrivateShapeAreas.git

SPEC CHECKSUMS:
  ShapeAreas: 7bf2a9e59537e6b25609e5779b052e9a5136e838

PODFILE CHECKSUM: 99243870cb1f94668c192c6280f8f14c11fdbee6

COCOAPODS: 1.11.3
